
Microsoft Visual Studio Solution File, Format Version 12.00
# Visual Studio Version 17
VisualStudioVersion = 17.1.32407.343
MinimumVisualStudioVersion = 10.0.40219.1
Project("{9A19103F-16F7-4668-BE54-9A1E7A4F7556}") = "KEFKA", "KEFKA.csproj", "{8734F128-361B-45FD-A0C3-A3F03D436B6C}"
EndProject
Project("{2150E333-8FDC-42A3-9474-1A3956D46DE8}") = "Solution Items", "Solution Items", "{3E20D3B1-5C31-4A1C-AB17-3BBBB7011138}"
	ProjectSection(SolutionItems) = preProject
		.editorconfig = .editorconfig
	EndProjectSection
EndProject
Global
	GlobalSection(SolutionConfigurationPlatforms) = preSolution
		Debug|Any CPU = Debug|Any CPU
		Release|Any CPU = Release|Any CPU
	EndGlobalSection
	GlobalSection(ProjectConfigurationPlatforms) = postSolution
		{8734F128-361B-45FD-A0C3-A3F03D436B6C}.Debug|Any CPU.ActiveCfg = Debug|Any CPU
		{8734F128-361B-45FD-A0C3-A3F03D436B6C}.Debug|Any CPU.Build.0 = Debug|Any CPU
		{8734F128-361B-45FD-A0C3-A3F03D436B6C}.Release|Any CPU.ActiveCfg = Release|Any CPU
		{8734F128-361B-45FD-A0C3-A3F03D436B6C}.Release|Any CPU.Build.0 = Release|Any CPU
	EndGlobalSection
	GlobalSection(SolutionProperties) = preSolution
		HideSolutionNode = FALSE
	EndGlobalSection
	GlobalSection(ExtensibilityGlobals) = postSolution
		SolutionGuid = {3AA13E4B-BB19-45D4-9AF1-AF540CCF7A7E}
	EndGlobalSection
EndGlobal
